# THIS IS AN AUTOGENERATED FILE. DO NOT EDIT THIS FILE DIRECTLY.
# yarn lockfile v1
accepts@~1.3.3:
  version "1.3.3"
  resolved "https://registry.yarnpkg.com/accepts/-/accepts-1.3.3.tgz#c3ca7434938648c3e0d9c1e328dd68b622c284ca"
  dependencies:
    mime-types "~2.1.11"
    negotiator "0.6.1"

ajv@^4.7.7:
  version "4.7.7"
  resolved "https://registry.yarnpkg.com/ajv/-/ajv-4.7.7.tgz#4980d5f65ce90a2579532eec66429f320dea0321"
  dependencies:
    co "^4.6.0"
    json-stable-stringify "^1.0.1"

amq@^0.4.8:
  version "0.4.8"
  resolved "https://registry.yarnpkg.com/amq/-/amq-0.4.8.tgz#a18eca4a41f3e8515b0bdf4fdca6c7c548bbe39d"
  dependencies:
    amqplib "~0.1.0"
    node-uuid "~1.4.1"
    re "~0.1.1-2"
    recant "~0.2.2"
    underscore "~1.5.2"
    when "~2.5.1"

amqplib@^0.4.0:
  version "0.4.2"
  resolved "https://registry.yarnpkg.com/amqplib/-/amqplib-0.4.2.tgz#5e4a2a914ccb3125f9cb91f6da07c97aa4cb13a6"
  dependencies:
    bitsyntax "~0.0.4"
    buffer-more-ints "0.0.2"
    readable-stream "1.x >=1.1.9"
    when "~3.6.2"

amqplib@~0.1.0:
  version "0.1.3"
  resolved "https://registry.yarnpkg.com/amqplib/-/amqplib-0.1.3.tgz#200c174af83226815a21aa621d55fe99eb130a6a"
  dependencies:
    bitsyntax "0.0.3"
    buffer-more-ints "0.0.2"
    readable-stream "1.x >=1.1.9"
    when "~2.1"

ansi-regex@^2.0.0:
  version "2.0.0"
  resolved "https://registry.yarnpkg.com/ansi-regex/-/ansi-regex-2.0.0.tgz#c5061b6e0ef8a81775e50f5d66151bf6bf371107"

ansi-styles@^2.2.1:
  version "2.2.1"
  resolved "https://registry.yarnpkg.com/ansi-styles/-/ansi-styles-2.2.1.tgz#b432dd3358b634cf75e1e4664368240533c1ddbe"

ansi-styles@~1.0.0:
  version "1.0.0"
  resolved "https://registry.yarnpkg.com/ansi-styles/-/ansi-styles-1.0.0.tgz#cb102df1c56f5123eab8b67cd7b98027a0279178"

array-flatten@1.1.1:
  version "1.1.1"
  resolved "https://registry.yarnpkg.com/array-flatten/-/array-flatten-1.1.1.tgz#9a5f699051b1e7073328f2a008968b64ea2955d2"

asap@~2.0.3:
  version "2.0.5"
  resolved "https://registry.yarnpkg.com/asap/-/asap-2.0.5.tgz#522765b50c3510490e52d7dcfe085ef9ba96958f"

async-listener@^0.6.0:
  version "0.6.3"
  resolved "https://registry.yarnpkg.com/async-listener/-/async-listener-0.6.3.tgz#1f6521501b9d1c4e6c7a13d404f756b0900371b8"
  dependencies:
    shimmer "1.0.0"

async@^1.4.0, async@^1.5.0:
  version "1.5.2"
  resolved "https://registry.yarnpkg.com/async/-/async-1.5.2.tgz#ec6a61ae56480c0c3cb241c95618e20892f9672a"

async@~1.0.0:
  version "1.0.0"
  resolved "https://registry.yarnpkg.com/async/-/async-1.0.0.tgz#f8fc04ca3a13784ade9e1641af98578cfbd647a9"

async@2.0.1:
  version "2.0.1"
  resolved "https://registry.yarnpkg.com/async/-/async-2.0.1.tgz#b709cc0280a9c36f09f4536be823c838a9049e25"
  dependencies:
    lodash "^4.8.0"

balanced-match@^0.4.1:
  version "0.4.2"
  resolved "https://registry.yarnpkg.com/balanced-match/-/balanced-match-0.4.2.tgz#cb3f3e3c732dc0f01ee70b403f302e61d7709838"

base64-url@^1.2.1:
  version "1.3.2"
  resolved "https://registry.yarnpkg.com/base64-url/-/base64-url-1.3.2.tgz#4b08113b49d23889f306be64372762d31412f7a8"

base64url@~1.0.4:
  version "1.0.6"
  resolved "https://registry.yarnpkg.com/base64url/-/base64url-1.0.6.tgz#d64d375d68a7c640d912e2358d170dca5bb54681"
  dependencies:
    concat-stream "~1.4.7"
    meow "~2.0.0"

bindings@1.2.1:
  version "1.2.1"
  resolved "https://registry.yarnpkg.com/bindings/-/bindings-1.2.1.tgz#14ad6113812d2d37d72e67b4cacb4bb726505f11"

bitsyntax@~0.0.4:
  version "0.0.4"
  resolved "https://registry.yarnpkg.com/bitsyntax/-/bitsyntax-0.0.4.tgz#eb10cc6f82b8c490e3e85698f07e83d46e0cba82"
  dependencies:
    buffer-more-ints "0.0.2"

bitsyntax@0.0.3:
  version "0.0.3"
  resolved "https://registry.yarnpkg.com/bitsyntax/-/bitsyntax-0.0.3.tgz#fb4341555775d24afe7565c1536bf0a721f2fb23"
  dependencies:
    buffer-more-ints "0.0.2"

bluebird@2.10.2:
  version "2.10.2"
  resolved "https://registry.yarnpkg.com/bluebird/-/bluebird-2.10.2.tgz#024a5517295308857f14f91f1106fc3b555f446b"

body-parser@^1.15.2:
  version "1.15.2"
  resolved "https://registry.yarnpkg.com/body-parser/-/body-parser-1.15.2.tgz#d7578cf4f1d11d5f6ea804cef35dc7a7ff6dae67"
  dependencies:
    bytes "2.4.0"
    content-type "~1.0.2"
    debug "~2.2.0"
    depd "~1.1.0"
    http-errors "~1.5.0"
    iconv-lite "0.4.13"
    on-finished "~2.3.0"
    qs "6.2.0"
    raw-body "~2.1.7"
    type-is "~1.6.13"

boom@3.x.x:
  version "3.2.2"
  resolved "https://registry.yarnpkg.com/boom/-/boom-3.2.2.tgz#0f0cc5d04adc5003b8c7d71f42cca7271fef0e78"
  dependencies:
    hoek "4.x.x"

brace-expansion@^1.0.0:
  version "1.1.6"
  resolved "https://registry.yarnpkg.com/brace-expansion/-/brace-expansion-1.1.6.tgz#7197d7eaa9b87e648390ea61fc66c84427420df9"
  dependencies:
    balanced-match "^0.4.1"
    concat-map "0.0.1"

bson@~0.2:
  version "0.2.22"
  resolved "https://registry.yarnpkg.com/bson/-/bson-0.2.22.tgz#fcda103f26d0c074d5a52d50927db80fd02b4b39"
  dependencies:
    nan "~1.8"

bson@~0.5.4, bson@~0.5.5:
  version "0.5.5"
  resolved "https://registry.yarnpkg.com/bson/-/bson-0.5.5.tgz#1d6725d400f0fbf0271bf6bafc8fa1126c29983b"

buffer-equal-constant-time@^1.0.1:
  version "1.0.1"
  resolved "https://registry.yarnpkg.com/buffer-equal-constant-time/-/buffer-equal-constant-time-1.0.1.tgz#f8e71132f7ffe6e01a5c9697a4c6f3e48d5cc819"

buffer-more-ints@0.0.2:
  version "0.0.2"
  resolved "https://registry.yarnpkg.com/buffer-more-ints/-/buffer-more-ints-0.0.2.tgz#26b3885d10fa13db7fc01aae3aab870199e0124c"

buffer-shims@^1.0.0:
  version "1.0.0"
  resolved "https://registry.yarnpkg.com/buffer-shims/-/buffer-shims-1.0.0.tgz#9978ce317388c649ad8793028c3477ef044a8b51"

bytes@2.4.0:
  version "2.4.0"
  resolved "https://registry.yarnpkg.com/bytes/-/bytes-2.4.0.tgz#7d97196f9d5baf7f6935e25985549edd2a6c2339"

camelcase-keys@^1.0.0:
  version "1.0.0"
  resolved "https://registry.yarnpkg.com/camelcase-keys/-/camelcase-keys-1.0.0.tgz#bd1a11bf9b31a1ce493493a930de1a0baf4ad7ec"
  dependencies:
    camelcase "^1.0.1"
    map-obj "^1.0.0"

camelcase@^1.0.1:
  version "1.2.1"
  resolved "https://registry.yarnpkg.com/camelcase/-/camelcase-1.2.1.tgz#9bb5304d2e0b56698b2c758b08a3eaa9daa58a39"

camelcase@^2.0.1:
  version "2.1.1"
  resolved "https://registry.yarnpkg.com/camelcase/-/camelcase-2.1.1.tgz#7c1d16d679a1bbe59ca02cacecfb011e201f5a1f"

catbox-memory@^2.0.3:
  version "2.0.3"
  resolved "https://registry.yarnpkg.com/catbox-memory/-/catbox-memory-2.0.3.tgz#dfaa9c163fad343d9add6d7c1fdc7b429b369c38"
  dependencies:
    hoek "4.x.x"

catbox@^7.1.1:
  version "7.1.2"
  resolved "https://registry.yarnpkg.com/catbox/-/catbox-7.1.2.tgz#46721b1c99967513fd7b7e9451706a05edfed5ad"
  dependencies:
    boom "3.x.x"
    hoek "4.x.x"
    joi "9.x.x"

chalk@^1.0.0:
  version "1.1.3"
  resolved "https://registry.yarnpkg.com/chalk/-/chalk-1.1.3.tgz#a8115c55e4a702fe4d150abd3872822a7e09fc98"
  dependencies:
    ansi-styles "^2.2.1"
    escape-string-regexp "^1.0.2"
    has-ansi "^2.0.0"
    strip-ansi "^3.0.0"
    supports-color "^2.0.0"

chalk@~0.4.0:
  version "0.4.0"
  resolved "https://registry.yarnpkg.com/chalk/-/chalk-0.4.0.tgz#5199a3ddcd0c1efe23bc08c1b027b06176e0c64f"
  dependencies:
    ansi-styles "~1.0.0"
    has-color "~0.1.0"
    strip-ansi "~0.1.0"

cliui@^3.0.3:
  version "3.2.0"
  resolved "https://registry.yarnpkg.com/cliui/-/cliui-3.2.0.tgz#120601537a916d29940f934da3b48d585a39213d"
  dependencies:
    string-width "^1.0.1"
    strip-ansi "^3.0.1"
    wrap-ansi "^2.0.0"

co@^4.6.0:
  version "4.6.0"
  resolved "https://registry.yarnpkg.com/co/-/co-4.6.0.tgz#6ea6bdf3d853ae54ccb8e47bfa0bf3f9031fb184"

code-point-at@^1.0.0:
  version "1.0.1"
  resolved "https://registry.yarnpkg.com/code-point-at/-/code-point-at-1.0.1.tgz#1104cd34f9b5b45d3eba88f1babc1924e1ce35fb"
  dependencies:
    number-is-nan "^1.0.0"

colors@1.0.x:
  version "1.0.3"
  resolved "https://registry.yarnpkg.com/colors/-/colors-1.0.3.tgz#0433f44d809680fdeb60ed260f1b0c262e82a40b"

concat-map@0.0.1:
  version "0.0.1"
  resolved "https://registry.yarnpkg.com/concat-map/-/concat-map-0.0.1.tgz#d8a96bd77fd68df7793a73036a3ba0d5405d477b"

concat-stream@~1.4.7:
  version "1.4.10"
  resolved "https://registry.yarnpkg.com/concat-stream/-/concat-stream-1.4.10.tgz#acc3bbf5602cb8cc980c6ac840fa7d8603e3ef36"
  dependencies:
    inherits "~2.0.1"
    readable-stream "~1.1.9"
    typedarray "~0.0.5"

content-disposition@0.5.1:
  version "0.5.1"
  resolved "https://registry.yarnpkg.com/content-disposition/-/content-disposition-0.5.1.tgz#87476c6a67c8daa87e32e87616df883ba7fb071b"

content-type@~1.0.2:
  version "1.0.2"
  resolved "https://registry.yarnpkg.com/content-type/-/content-type-1.0.2.tgz#b7d113aee7a8dd27bd21133c4dc2529df1721eed"

continuation-local-storage@^3.2.0:
  version "3.2.0"
  resolved "https://registry.yarnpkg.com/continuation-local-storage/-/continuation-local-storage-3.2.0.tgz#e19fc36b597090a5d4e4a3b2ea3ebc5e29694a24"
  dependencies:
    async-listener "^0.6.0"
    emitter-listener "^1.0.1"

cookie-signature@1.0.6:
  version "1.0.6"
  resolved "https://registry.yarnpkg.com/cookie-signature/-/cookie-signature-1.0.6.tgz#e303a882b342cc3ee8ca513a79999734dab3ae2c"

cookie@0.3.1:
  version "0.3.1"
  resolved "https://registry.yarnpkg.com/cookie/-/cookie-0.3.1.tgz#e7e0a1f9ef43b4c8ba925c5c5a96e806d16873bb"

core-util-is@~1.0.0:
  version "1.0.2"
  resolved "https://registry.yarnpkg.com/core-util-is/-/core-util-is-1.0.2.tgz#b5fd54220aa2bc5ab57aab7140c940754503c1a7"

cors@^2.8.1:
  version "2.8.1"
  resolved "https://registry.yarnpkg.com/cors/-/cors-2.8.1.tgz#6181aa56abb45a2825be3304703747ae4e9d2383"
  dependencies:
    vary "^1"

cron@^1.1.0:
  version "1.1.1"
  resolved "https://registry.yarnpkg.com/cron/-/cron-1.1.1.tgz#02719d4ef480dfc8ee24d81a3603460ba39013ce"
  dependencies:
    moment-timezone "~0.5.5"

css2xpath@0.0.1:
  version "0.0.1"
  resolved "https://registry.yarnpkg.com/css2xpath/-/css2xpath-0.0.1.tgz#f10502d649330d6cffb682bb21b3bb545543c365"

csv-parse@^1.1.1:
  version "1.1.7"
  resolved "https://registry.yarnpkg.com/csv-parse/-/csv-parse-1.1.7.tgz#6e4678f7967013ac823929a4303a3ce177115abc"

csv-stringify@^1.0.4:
  version "1.0.4"
  resolved "https://registry.yarnpkg.com/csv-stringify/-/csv-stringify-1.0.4.tgz#bc18bab9ad4cef3195fd257980b58b479c42d3e5"
  dependencies:
    lodash.get "^4.0.0"

cycle@1.0.x:
  version "1.0.3"
  resolved "https://registry.yarnpkg.com/cycle/-/cycle-1.0.3.tgz#21e80b2be8580f98b468f379430662b046c34ad2"

database-cleaner@^0.13.0:
  version "0.13.0"
  resolved "https://registry.yarnpkg.com/database-cleaner/-/database-cleaner-0.13.0.tgz#ddb18427e3ef9f4745ad2e50cb65cd08816a18fa"

debug@^2.1.2, debug@^2.2.0, debug@~2.2.0, debug@2.2.0:
  version "2.2.0"
  resolved "https://registry.yarnpkg.com/debug/-/debug-2.2.0.tgz#f87057e995b1a1f6ae6a4960664137bc56f039da"
  dependencies:
    ms "0.7.1"

decamelize@^1.1.1:
  version "1.2.0"
  resolved "https://registry.yarnpkg.com/decamelize/-/decamelize-1.2.0.tgz#f6534d15148269b20352e7bee26f501f9a191290"

depd@~1.1.0:
  version "1.1.0"
  resolved "https://registry.yarnpkg.com/depd/-/depd-1.1.0.tgz#e1bd82c6aab6ced965b97b88b17ed3e528ca18c3"

destroy@~1.0.4:
  version "1.0.4"
  resolved "https://registry.yarnpkg.com/destroy/-/destroy-1.0.4.tgz#978857442c44749e4206613e37946205826abd80"

each-series@^1.0.0:
  version "1.0.0"
  resolved "https://registry.yarnpkg.com/each-series/-/each-series-1.0.0.tgz#f886e6c66dfdb25ef1fe73564146ee5cb478afcb"

ecdsa-sig-formatter@^1.0.0:
  version "1.0.7"
  resolved "https://registry.yarnpkg.com/ecdsa-sig-formatter/-/ecdsa-sig-formatter-1.0.7.tgz#3137e976a1d6232517e2513e04e32f79bcbdf126"
  dependencies:
    base64-url "^1.2.1"

ee-first@1.1.1:
  version "1.1.1"
  resolved "https://registry.yarnpkg.com/ee-first/-/ee-first-1.1.1.tgz#590c61156b0ae2f4f0255732a158b266bc56b21d"

elasticsearch@^11.0.1:
  version "11.0.1"
  resolved "https://registry.yarnpkg.com/elasticsearch/-/elasticsearch-11.0.1.tgz#d180684c6bde7ecfa0fa24e62fa1c872eeae08e7"
  dependencies:
    chalk "^1.0.0"
    forever-agent "^0.6.0"
    lodash "^3.10.0"
    lodash-compat "^3.0.0"
    promise "^7.1.1"

emitter-listener@^1.0.1:
  version "1.0.1"
  resolved "https://registry.yarnpkg.com/emitter-listener/-/emitter-listener-1.0.1.tgz#b2499ea6e58230a52c268d5df261eecd9f10fe97"
  dependencies:
    shimmer "1.0.0"

encodeurl@~1.0.1:
  version "1.0.1"
  resolved "https://registry.yarnpkg.com/encodeurl/-/encodeurl-1.0.1.tgz#79e3d58655346909fe6f0f45a5de68103b294d20"

es6-promise@3.2.1:
  version "3.2.1"
  resolved "https://registry.yarnpkg.com/es6-promise/-/es6-promise-3.2.1.tgz#ec56233868032909207170c39448e24449dd1fc4"

escape-html@~1.0.3:
  version "1.0.3"
  resolved "https://registry.yarnpkg.com/escape-html/-/escape-html-1.0.3.tgz#0258eae4d3d0c0974de1c169188ef0051d1d1988"

escape-string-regexp@^1.0.2:
  version "1.0.5"
  resolved "https://registry.yarnpkg.com/escape-string-regexp/-/escape-string-regexp-1.0.5.tgz#1b61c0562190a8dff6ae3bb2cf0200ca130b86d4"

etag@~1.7.0:
  version "1.7.0"
  resolved "https://registry.yarnpkg.com/etag/-/etag-1.7.0.tgz#03d30b5f67dd6e632d2945d30d6652731a34d5d8"

express-jwt@^5.1.0:
  version "5.1.0"
  resolved "https://registry.yarnpkg.com/express-jwt/-/express-jwt-5.1.0.tgz#a1c5e3381bc78d2de4d3c51133421c69e004d581"
  dependencies:
    async "^1.5.0"
    express-unless "^0.3.0"
    jsonwebtoken "~6.2.0"
    lodash.set "^4.0.0"

express-unless@^0.3.0:
  version "0.3.0"
  resolved "https://registry.yarnpkg.com/express-unless/-/express-unless-0.3.0.tgz#5c795e7392571512dd28f520b3857a52b21261a2"

express-winston@^2.0.0:
  version "2.0.0"
  resolved "https://registry.yarnpkg.com/express-winston/-/express-winston-2.0.0.tgz#1100eda7e7f7a8f7c20a1ce1fa45de22168552b8"
  dependencies:
    chalk "~0.4.0"
    lodash "~4.11.1"

express@^4.14.0:
  version "4.14.0"
  resolved "https://registry.yarnpkg.com/express/-/express-4.14.0.tgz#c1ee3f42cdc891fb3dc650a8922d51ec847d0d66"
  dependencies:
    accepts "~1.3.3"
    array-flatten "1.1.1"
    content-disposition "0.5.1"
    content-type "~1.0.2"
    cookie "0.3.1"
    cookie-signature "1.0.6"
    debug "~2.2.0"
    depd "~1.1.0"
    encodeurl "~1.0.1"
    escape-html "~1.0.3"
    etag "~1.7.0"
    finalhandler "0.5.0"
    fresh "0.3.0"
    merge-descriptors "1.0.1"
    methods "~1.1.2"
    on-finished "~2.3.0"
    parseurl "~1.3.1"
    path-to-regexp "0.1.7"
    proxy-addr "~1.1.2"
    qs "6.2.0"
    range-parser "~1.2.0"
    send "0.14.1"
    serve-static "~1.11.1"
    type-is "~1.6.13"
    utils-merge "1.0.0"
    vary "~1.1.0"

extend@^3.0.0:
  version "3.0.0"
  resolved "https://registry.yarnpkg.com/extend/-/extend-3.0.0.tgz#5a474353b9f3353ddd8176dfd37b91c83a46f1d4"

eyes@0.1.x:
  version "0.1.8"
  resolved "https://registry.yarnpkg.com/eyes/-/eyes-0.1.8.tgz#62cf120234c683785d902348a800ef3e0cc20bc0"

finalhandler@0.5.0:
  version "0.5.0"
  resolved "https://registry.yarnpkg.com/finalhandler/-/finalhandler-0.5.0.tgz#e9508abece9b6dba871a6942a1d7911b91911ac7"
  dependencies:
    debug "~2.2.0"
    escape-html "~1.0.3"
    on-finished "~2.3.0"
    statuses "~1.3.0"
    unpipe "~1.0.0"

forever-agent@^0.6.0:
  version "0.6.1"
  resolved "https://registry.yarnpkg.com/forever-agent/-/forever-agent-0.6.1.tgz#fbc71f0c41adeb37f96c577ad1ed42d8fdacca91"

forwarded@~0.1.0:
  version "0.1.0"
  resolved "https://registry.yarnpkg.com/forwarded/-/forwarded-0.1.0.tgz#19ef9874c4ae1c297bcf078fde63a09b66a84363"

fresh@0.3.0:
  version "0.3.0"
  resolved "https://registry.yarnpkg.com/fresh/-/fresh-0.3.0.tgz#651f838e22424e7566de161d8358caa199f83d4f"

fs.realpath@^1.0.0:
  version "1.0.0"
  resolved "https://registry.yarnpkg.com/fs.realpath/-/fs.realpath-1.0.0.tgz#1504ad2523158caa40db4a2787cb01411994ea4f"

get-stdin@^4.0.1:
  version "4.0.1"
  resolved "https://registry.yarnpkg.com/get-stdin/-/get-stdin-4.0.1.tgz#b968c6b0a04384324902e8bf1a5df32579a450fe"

glob@^7.1.0:
  version "7.1.1"
  resolved "https://registry.yarnpkg.com/glob/-/glob-7.1.1.tgz#805211df04faaf1c63a3600306cdf5ade50b2ec8"
  dependencies:
    fs.realpath "^1.0.0"
    inflight "^1.0.4"
    inherits "2"
    minimatch "^3.0.2"
    once "^1.3.0"
    path-is-absolute "^1.0.0"

has-ansi@^2.0.0:
  version "2.0.0"
  resolved "https://registry.yarnpkg.com/has-ansi/-/has-ansi-2.0.0.tgz#34f5049ce1ecdf2b0649af3ef24e45ed35416d91"
  dependencies:
    ansi-regex "^2.0.0"

has-color@~0.1.0:
  version "0.1.7"
  resolved "https://registry.yarnpkg.com/has-color/-/has-color-0.1.7.tgz#67144a5260c34fc3cca677d041daf52fe7b78b2f"

hoek@2.x.x:
  version "2.16.3"
  resolved "https://registry.yarnpkg.com/hoek/-/hoek-2.16.3.tgz#20bb7403d3cea398e91dc4710a8ff1b8274a25ed"

hoek@4.x.x:
  version "4.1.0"
  resolved "https://registry.yarnpkg.com/hoek/-/hoek-4.1.0.tgz#4a4557460f69842ed463aa00628cc26d2683afa7"

hooks-fixed@1.2.0:
  version "1.2.0"
  resolved "https://registry.yarnpkg.com/hooks-fixed/-/hooks-fixed-1.2.0.tgz#0d2772d4d7d685ff9244724a9f0b5b2559aac96b"

hooks@0.2.1:
  version "0.2.1"
  resolved "https://registry.yarnpkg.com/hooks/-/hooks-0.2.1.tgz#0f591b1b344bdcb3df59773f62fbbaf85bf4028b"

http-errors@~1.5.0:
  version "1.5.0"
  resolved "https://registry.yarnpkg.com/http-errors/-/http-errors-1.5.0.tgz#b1cb3d8260fd8e2386cad3189045943372d48211"
  dependencies:
    inherits "2.0.1"
    setprototypeof "1.0.1"
    statuses ">= 1.3.0 < 2"

iconv-lite@^0.4.4, iconv-lite@0.4.13:
  version "0.4.13"
  resolved "https://registry.yarnpkg.com/iconv-lite/-/iconv-lite-0.4.13.tgz#1f88aba4ab0b1508e8312acc39345f36e992e2f2"

indent-string@^1.1.0:
  version "1.2.2"
  resolved "https://registry.yarnpkg.com/indent-string/-/indent-string-1.2.2.tgz#db99bcc583eb6abbb1e48dcbb1999a986041cb6b"
  dependencies:
    get-stdin "^4.0.1"
    minimist "^1.1.0"
    repeating "^1.1.0"

inflight@^1.0.4:
  version "1.0.6"
  resolved "https://registry.yarnpkg.com/inflight/-/inflight-1.0.6.tgz#49bd6331d7d02d0c09bc910a1075ba8165b56df9"
  dependencies:
    once "^1.3.0"
    wrappy "1"

inherits@~2.0.1, inherits@2:
  version "2.0.3"
  resolved "https://registry.yarnpkg.com/inherits/-/inherits-2.0.3.tgz#633c2c83e3da42a502f52466022480f4208261de"

inherits@2.0.1:
  version "2.0.1"
  resolved "https://registry.yarnpkg.com/inherits/-/inherits-2.0.1.tgz#b17d08d326b4423e568eff719f91b0b1cbdf69f1"

ini@^1.3.0:
  version "1.3.4"
  resolved "https://registry.yarnpkg.com/ini/-/ini-1.3.4.tgz#0537cb79daf59b59a1a517dff706c86ec039162e"

invert-kv@^1.0.0:
  version "1.0.0"
  resolved "https://registry.yarnpkg.com/invert-kv/-/invert-kv-1.0.0.tgz#104a8e4aaca6d3d8cd157a8ef8bfab2d7a3ffdb6"

ipaddr.js@1.1.1:
  version "1.1.1"
  resolved "https://registry.yarnpkg.com/ipaddr.js/-/ipaddr.js-1.1.1.tgz#c791d95f52b29c1247d5df80ada39b8a73647230"

is-finite@^1.0.0:
  version "1.0.2"
  resolved "https://registry.yarnpkg.com/is-finite/-/is-finite-1.0.2.tgz#cc6677695602be550ef11e8b4aa6305342b6d0aa"
  dependencies:
    number-is-nan "^1.0.0"

is-fullwidth-code-point@^1.0.0:
  version "1.0.0"
  resolved "https://registry.yarnpkg.com/is-fullwidth-code-point/-/is-fullwidth-code-point-1.0.0.tgz#ef9e31386f031a7f0d643af82fde50c457ef00cb"
  dependencies:
    number-is-nan "^1.0.0"

isarray@~1.0.0:
  version "1.0.0"
  resolved "https://registry.yarnpkg.com/isarray/-/isarray-1.0.0.tgz#bb935d48582cba168c06834957a54a3e07124f11"

isarray@0.0.1:
  version "0.0.1"
  resolved "https://registry.yarnpkg.com/isarray/-/isarray-0.0.1.tgz#8a18acfca9a8f4177e09abfc6038939b05d1eedf"

isemail@1.x.x:
  version "1.2.0"
  resolved "https://registry.yarnpkg.com/isemail/-/isemail-1.2.0.tgz#be03df8cc3e29de4d2c5df6501263f1fa4595e9a"

isemail@2.x.x:
  version "2.2.1"
  resolved "https://registry.yarnpkg.com/isemail/-/isemail-2.2.1.tgz#0353d3d9a62951080c262c2aa0a42b8ea8e9e2a6"

isstream@0.1.x:
  version "0.1.2"
  resolved "https://registry.yarnpkg.com/isstream/-/isstream-0.1.2.tgz#47e63f7af55afa6f92e1500e690eb8b8529c099a"

items@2.x.x:
  version "2.1.1"
  resolved "https://registry.yarnpkg.com/items/-/items-2.1.1.tgz#8bd16d9c83b19529de5aea321acaada78364a198"

joi@~6.10.1:
  version "6.10.1"
  resolved "https://registry.yarnpkg.com/joi/-/joi-6.10.1.tgz#4d50c318079122000fe5f16af1ff8e1917b77e06"
  dependencies:
    hoek "2.x.x"
    isemail "1.x.x"
    moment "2.x.x"
    topo "1.x.x"

joi@9.x.x:
  version "9.1.1"
  resolved "https://registry.yarnpkg.com/joi/-/joi-9.1.1.tgz#357a04c3ad424abcb9790829be8c01a131d93500"
  dependencies:
    hoek "4.x.x"
    isemail "2.x.x"
    items "2.x.x"
    moment "2.x.x"
    topo "2.x.x"

json-stable-stringify@^1.0.1:
  version "1.0.1"
  resolved "https://registry.yarnpkg.com/json-stable-stringify/-/json-stable-stringify-1.0.1.tgz#9a759d39c5f2ff503fd5300646ed445f88c4f9af"
  dependencies:
    jsonify "~0.0.0"

jsonify@~0.0.0:
  version "0.0.0"
  resolved "https://registry.yarnpkg.com/jsonify/-/jsonify-0.0.0.tgz#2c74b6ee41d93ca51b7b5aaee8f503631d252a73"

jsonwebtoken@~6.2.0:
  version "6.2.0"
  resolved "https://registry.yarnpkg.com/jsonwebtoken/-/jsonwebtoken-6.2.0.tgz#8233154c6cd9fd8760ad0f5a563f539dd391f2f9"
  dependencies:
    joi "~6.10.1"
    jws "^3.0.0"
    ms "^0.7.1"
    xtend "^4.0.1"

jwa@^1.1.2:
  version "1.1.3"
  resolved "https://registry.yarnpkg.com/jwa/-/jwa-1.1.3.tgz#fa9f2f005ff0c630e7c41526a31f37f79733cd6d"
  dependencies:
    base64url "~1.0.4"
    buffer-equal-constant-time "^1.0.1"
    ecdsa-sig-formatter "^1.0.0"

jws@^3.0.0:
  version "3.1.3"
  resolved "https://registry.yarnpkg.com/jws/-/jws-3.1.3.tgz#b88f1b4581a2c5ee8813c06b3fdf90ea9b5c7e6c"
  dependencies:
    base64url "~1.0.4"
    jwa "^1.1.2"

kareem@1.1.3:
  version "1.1.3"
  resolved "https://registry.yarnpkg.com/kareem/-/kareem-1.1.3.tgz#0877610d8879c38da62d1dbafde4e17f2692f041"

kerberos@0.0.11:
  version "0.0.11"
  resolved "https://registry.yarnpkg.com/kerberos/-/kerberos-0.0.11.tgz#cb29891c21c22ac195f3140b97dd12204fea7dc2"
  dependencies:
    nan "~1.8"

lcid@^1.0.0:
  version "1.0.0"
  resolved "https://registry.yarnpkg.com/lcid/-/lcid-1.0.0.tgz#308accafa0bc483a3867b4b6f2b9506251d1b835"
  dependencies:
    invert-kv "^1.0.0"

libxmljs-dom@0.0.8:
  version "0.0.8"
  resolved "https://registry.yarnpkg.com/libxmljs-dom/-/libxmljs-dom-0.0.8.tgz#20decd26436802b5d3b87409f32299126cb8a40f"
  dependencies:
    css2xpath "0.0.1"
    libxmljs ">=0.17.1"
    needle ">=0.9.2"

libxmljs@>=0.17.1:
  version "0.18.0"
  resolved "https://registry.yarnpkg.com/libxmljs/-/libxmljs-0.18.0.tgz#e2993dcf28e4dc60e73486e2db6225dc24d18531"
  dependencies:
    bindings "1.2.1"
    nan "2.3.2"

lodash-compat@^3.0.0:
  version "3.10.2"
  resolved "https://registry.yarnpkg.com/lodash-compat/-/lodash-compat-3.10.2.tgz#c6940128a9d30f8e902cd2cf99fd0cba4ecfc183"

lodash.get@^4.0.0:
  version "4.4.2"
  resolved "https://registry.yarnpkg.com/lodash.get/-/lodash.get-4.4.2.tgz#2d177f652fa31e939b4438d5341499dfa3825e99"

lodash.set@^4.0.0:
  version "4.3.2"
  resolved "https://registry.yarnpkg.com/lodash.set/-/lodash.set-4.3.2.tgz#d8757b1da807dde24816b0d6a84bea1a76230b23"

lodash@^3.10.0:
  version "3.10.1"
  resolved "https://registry.yarnpkg.com/lodash/-/lodash-3.10.1.tgz#5bf45e8e49ba4189e17d482789dfd15bd140b7b6"

lodash@^4.8.0:
  version "4.16.4"
  resolved "https://registry.yarnpkg.com/lodash/-/lodash-4.16.4.tgz#01ce306b9bad1319f2a5528674f88297aeb70127"

lodash@~4.11.1:
  version "4.11.2"
  resolved "https://registry.yarnpkg.com/lodash/-/lodash-4.11.2.tgz#d6b4338b110a58e21dae5cebcfdbbfd2bc4cdb3b"

map-obj@^1.0.0:
  version "1.0.1"
  resolved "https://registry.yarnpkg.com/map-obj/-/map-obj-1.0.1.tgz#d933ceb9205d82bdcf4886f6742bdc2b4dea146d"

media-typer@0.3.0:
  version "0.3.0"
  resolved "https://registry.yarnpkg.com/media-typer/-/media-typer-0.3.0.tgz#8710d7af0aa626f8fffa1ce00168545263255748"

meow@~2.0.0:
  version "2.0.0"
  resolved "https://registry.yarnpkg.com/meow/-/meow-2.0.0.tgz#8f530a8ecf5d40d3f4b4df93c3472900fba2a8f1"
  dependencies:
    camelcase-keys "^1.0.0"
    indent-string "^1.1.0"
    minimist "^1.1.0"
    object-assign "^1.0.0"

merge-descriptors@1.0.1:
  version "1.0.1"
  resolved "https://registry.yarnpkg.com/merge-descriptors/-/merge-descriptors-1.0.1.tgz#b00aaa556dd8b44568150ec9d1b953f3f90cbb61"

methods@~1.1.2:
  version "1.1.2"
  resolved "https://registry.yarnpkg.com/methods/-/methods-1.1.2.tgz#5529a4d67654134edcc5266656835b0f851afcee"

microbase@^0.8.5:
  version "0.8.5"
  resolved "https://registry.yarnpkg.com/microbase/-/microbase-0.8.5.tgz#33100dfa930bccf57380fded982da16945625801"
  dependencies:
    ajv "^4.7.7"
    amq "^0.4.8"
    body-parser "^1.15.2"
    catbox "^7.1.1"
    catbox-memory "^2.0.3"
    continuation-local-storage "^3.2.0"
    cors "^2.8.1"
    cron "^1.1.0"
    elasticsearch "^11.0.1"
    express "^4.14.0"
    express-jwt "^5.1.0"
    express-winston "^2.0.0"
    glob "^7.1.0"
    mongoose "^4.4.16"
    monq "^0.3.4"
    nconf "^0.8.4"
    object-hash "^1.1.2"
    servicebus "^2.0.2"
    shimmer "^1.1.0"
    winston "^2.2.0"
    winston-logstash "^0.2.11"
    wreck "^7.2.1"

mime-db@~1.24.0:
  version "1.24.0"
  resolved "https://registry.yarnpkg.com/mime-db/-/mime-db-1.24.0.tgz#e2d13f939f0016c6e4e9ad25a8652f126c467f0c"

mime-types@~2.1.11:
  version "2.1.12"
  resolved "https://registry.yarnpkg.com/mime-types/-/mime-types-2.1.12.tgz#152ba256777020dd4663f54c2e7bc26381e71729"
  dependencies:
    mime-db "~1.24.0"

mime@1.3.4:
  version "1.3.4"
  resolved "https://registry.yarnpkg.com/mime/-/mime-1.3.4.tgz#115f9e3b6b3daf2959983cb38f149a2d40eb5d53"

minimatch@^3.0.2:
  version "3.0.3"
  resolved "https://registry.yarnpkg.com/minimatch/-/minimatch-3.0.3.tgz#2a4e4090b96b2db06a9d7df01055a62a77c9b774"
  dependencies:
    brace-expansion "^1.0.0"

minimist@^1.1.0:
  version "1.2.0"
  resolved "https://registry.yarnpkg.com/minimist/-/minimist-1.2.0.tgz#a35008b20f41383eec1fb914f4cd5df79a264284"

moment-timezone@~0.5.5:
  version "0.5.6"
  resolved "https://registry.yarnpkg.com/moment-timezone/-/moment-timezone-0.5.6.tgz#8dcf7bb648d5dcd0f387d6bfd8f3dd9bbba16a86"
  dependencies:
    moment ">= 2.6.0"

moment@^2.13.0, "moment@>= 2.6.0", moment@2.x.x:
  version "2.15.1"
  resolved "https://registry.yarnpkg.com/moment/-/moment-2.15.1.tgz#e979c2a29e22888e60f396f2220a6118f85cd94c"

mongodb-core@2.0.12:
  version "2.0.12"
  resolved "https://registry.yarnpkg.com/mongodb-core/-/mongodb-core-2.0.12.tgz#bb66aad550e252731f8ad49276815264a91c337c"
  dependencies:
    bson "~0.5.5"
    require_optional "~1.0.0"

mongodb@^2.0.45, mongodb@2.2.10:
  version "2.2.10"
  resolved "https://registry.yarnpkg.com/mongodb/-/mongodb-2.2.10.tgz#d11273a5a53b08e17bcc4c8a295ded0f151ccae6"
  dependencies:
    es6-promise "3.2.1"
    mongodb-core "2.0.12"
    readable-stream "2.1.5"

mongodb@1.4.38:
  version "1.4.38"
  resolved "https://registry.yarnpkg.com/mongodb/-/mongodb-1.4.38.tgz#8cffd618100af3a4648a995498bfcfcb4ed8abd2"
  dependencies:
    bson "~0.2"
  optionalDependencies:
    kerberos "0.0.11"
    readable-stream latest

mongojs@^2.1.0:
  version "2.4.0"
  resolved "https://registry.yarnpkg.com/mongojs/-/mongojs-2.4.0.tgz#f287fbfd457fedf588b5a9011e68513d9dd32bfb"
  dependencies:
    each-series "^1.0.0"
    mongodb "^2.0.45"
    once "^1.3.2"
    parse-mongo-url "^1.1.0"
    readable-stream "^2.0.2"
    thunky "^0.1.0"
    to-mongodb-core "^2.0.0"
    xtend "^4.0.0"

mongoose-path-tree@^1.3.5:
  version "1.3.5"
  resolved "https://registry.yarnpkg.com/mongoose-path-tree/-/mongoose-path-tree-1.3.5.tgz#ba0c42b39f7f57fc8a4a3f598e3e1b6c43a373de"
  dependencies:
    mongoose "3.8.x"
    stream-worker "0.x.x"

mongoose@^4.4.16:
  version "4.6.3"
  resolved "https://registry.yarnpkg.com/mongoose/-/mongoose-4.6.3.tgz#92226e34720ae859afb5dee3170b62653d6598bb"
  dependencies:
    async "2.0.1"
    bson "~0.5.4"
    hooks-fixed "1.2.0"
    kareem "1.1.3"
    mongodb "2.2.10"
    mpath "0.2.1"
    mpromise "0.5.5"
    mquery "1.11.0"
    ms "0.7.1"
    muri "1.1.1"
    regexp-clone "0.0.1"
    sliced "1.0.1"

mongoose@3.8.x:
  version "3.8.40"
  resolved "https://registry.yarnpkg.com/mongoose/-/mongoose-3.8.40.tgz#032f5ba55582497559a87c1f3f4b3959c26406a7"
  dependencies:
    hooks "0.2.1"
    mongodb "1.4.38"
    mpath "0.1.1"
    mpromise "0.4.3"
    mquery "1.10.0"
    ms "0.1.0"
    muri "1.1.0"
    regexp-clone "0.0.1"
    sliced "0.0.5"

monq@^0.3.4:
  version "0.3.4"
  resolved "https://registry.yarnpkg.com/monq/-/monq-0.3.4.tgz#d88e48713f9fb6046c1e4adad2229d4118713745"
  dependencies:
    mongojs "^2.1.0"

mpath@0.1.1:
  version "0.1.1"
  resolved "https://registry.yarnpkg.com/mpath/-/mpath-0.1.1.tgz#23da852b7c232ee097f4759d29c0ee9cd22d5e46"

mpath@0.2.1:
  version "0.2.1"
  resolved "https://registry.yarnpkg.com/mpath/-/mpath-0.2.1.tgz#3a4e829359801de96309c27a6b2e102e89f9e96e"

mpromise@0.4.3:
  version "0.4.3"
  resolved "https://registry.yarnpkg.com/mpromise/-/mpromise-0.4.3.tgz#edc47a75a2a177b0e9382735db52dbec3808cc33"

mpromise@0.5.5:
  version "0.5.5"
  resolved "https://registry.yarnpkg.com/mpromise/-/mpromise-0.5.5.tgz#f5b24259d763acc2257b0a0c8c6d866fd51732e6"

mquery@1.10.0:
  version "1.10.0"
  resolved "https://registry.yarnpkg.com/mquery/-/mquery-1.10.0.tgz#8603f02b0b524d17ac0539a85996124ee17b7cb3"
  dependencies:
    bluebird "2.10.2"
    debug "2.2.0"
    regexp-clone "0.0.1"
    sliced "0.0.5"

mquery@1.11.0:
  version "1.11.0"
  resolved "https://registry.yarnpkg.com/mquery/-/mquery-1.11.0.tgz#e0c65dedb1037edbf6cfb88262e777fee23551d9"
  dependencies:
    bluebird "2.10.2"
    debug "2.2.0"
    regexp-clone "0.0.1"
    sliced "0.0.5"

ms@^0.7.1, ms@0.7.1:
  version "0.7.1"
  resolved "https://registry.yarnpkg.com/ms/-/ms-0.7.1.tgz#9cd13c03adbff25b65effde7ce864ee952017098"

ms@0.1.0:
  version "0.1.0"
  resolved "https://registry.yarnpkg.com/ms/-/ms-0.1.0.tgz#f21fac490daf1d7667fd180fe9077389cc9442b2"

muri@1.1.0:
  version "1.1.0"
  resolved "https://registry.yarnpkg.com/muri/-/muri-1.1.0.tgz#a3a6d74e68a880f433a249a74969cbb665cc0add"

muri@1.1.1:
  version "1.1.1"
  resolved "https://registry.yarnpkg.com/muri/-/muri-1.1.1.tgz#64bd904eaf8ff89600c994441fad3c5195905ac2"

nan@~1.8:
  version "1.8.4"
  resolved "https://registry.yarnpkg.com/nan/-/nan-1.8.4.tgz#3c76b5382eab33e44b758d2813ca9d92e9342f34"

nan@2.3.2:
  version "2.3.2"
  resolved "https://registry.yarnpkg.com/nan/-/nan-2.3.2.tgz#4d4ecf17e1da4e989efb4f273d8d00201cad087e"

nconf@^0.8.4:
  version "0.8.4"
  resolved "https://registry.yarnpkg.com/nconf/-/nconf-0.8.4.tgz#9502234f7ad6238cab7f92d7c068c20434d3ff93"
  dependencies:
    async "^1.4.0"
    ini "^1.3.0"
    secure-keys "^1.0.0"
    yargs "^3.19.0"

needle@>=0.9.2, needle@1.1.2:
  version "1.1.2"
  resolved "https://registry.yarnpkg.com/needle/-/needle-1.1.2.tgz#d2841a125bfd74fefb30c0344104369061c3e13a"
  dependencies:
    debug "^2.1.2"
    iconv-lite "^0.4.4"

negotiator@0.6.1:
  version "0.6.1"
  resolved "https://registry.yarnpkg.com/negotiator/-/negotiator-0.6.1.tgz#2b327184e8992101177b28563fb5e7102acd0ca9"

node-uuid@^1.4.3, node-uuid@~1.4.1:
  version "1.4.7"
  resolved "https://registry.yarnpkg.com/node-uuid/-/node-uuid-1.4.7.tgz#6da5a17668c4b3dd59623bda11cf7fa4c1f60a6f"

number-is-nan@^1.0.0:
  version "1.0.1"
  resolved "https://registry.yarnpkg.com/number-is-nan/-/number-is-nan-1.0.1.tgz#097b602b53422a522c1afb8790318336941a011d"

object-assign@^1.0.0:
  version "1.0.0"
  resolved "https://registry.yarnpkg.com/object-assign/-/object-assign-1.0.0.tgz#e65dc8766d3b47b4b8307465c8311da030b070a6"

object-hash@^1.1.2:
  version "1.1.4"
  resolved "https://registry.yarnpkg.com/object-hash/-/object-hash-1.1.4.tgz#136f07f1a48af5f6b906812451ae4e43978c94aa"

on-finished@~2.3.0:
  version "2.3.0"
  resolved "https://registry.yarnpkg.com/on-finished/-/on-finished-2.3.0.tgz#20f1336481b083cd75337992a16971aa2d906947"
  dependencies:
    ee-first "1.1.1"

once@^1.3.0, once@^1.3.2:
  version "1.4.0"
  resolved "https://registry.yarnpkg.com/once/-/once-1.4.0.tgz#583b1aa775961d4b113ac17d9c50baef9dd76bd1"
  dependencies:
    wrappy "1"

os-locale@^1.4.0:
  version "1.4.0"
  resolved "https://registry.yarnpkg.com/os-locale/-/os-locale-1.4.0.tgz#20f9f17ae29ed345e8bde583b13d2009803c14d9"
  dependencies:
    lcid "^1.0.0"

osmosis@^1.0.1:
  version "1.1.1"
  resolved "https://registry.yarnpkg.com/osmosis/-/osmosis-1.1.1.tgz#88357fa9c9628484030d7d9ea73dc48da94567b8"
  dependencies:
    libxmljs-dom "0.0.8"
    needle "1.1.2"

parse-mongo-url@^1.1.0:
  version "1.1.1"
  resolved "https://registry.yarnpkg.com/parse-mongo-url/-/parse-mongo-url-1.1.1.tgz#66238df5f8e7c0c8ca4cd970d4ab6a1373eb75b5"

parseurl@~1.3.1:
  version "1.3.1"
  resolved "https://registry.yarnpkg.com/parseurl/-/parseurl-1.3.1.tgz#c8ab8c9223ba34888aa64a297b28853bec18da56"

path-is-absolute@^1.0.0:
  version "1.0.1"
  resolved "https://registry.yarnpkg.com/path-is-absolute/-/path-is-absolute-1.0.1.tgz#174b9268735534ffbc7ace6bf53a5a9e1b5c5f5f"

path-to-regexp@0.1.7:
  version "0.1.7"
  resolved "https://registry.yarnpkg.com/path-to-regexp/-/path-to-regexp-0.1.7.tgz#df604178005f522f15eb4490e7247a1bfaa67f8c"

pkginfo@0.3.x:
  version "0.3.1"
  resolved "https://registry.yarnpkg.com/pkginfo/-/pkginfo-0.3.1.tgz#5b29f6a81f70717142e09e765bbeab97b4f81e21"

process-nextick-args@~1.0.6:
  version "1.0.7"
  resolved "https://registry.yarnpkg.com/process-nextick-args/-/process-nextick-args-1.0.7.tgz#150e20b756590ad3f91093f25a4f2ad8bff30ba3"

promise@^7.1.1:
  version "7.1.1"
  resolved "https://registry.yarnpkg.com/promise/-/promise-7.1.1.tgz#489654c692616b8aa55b0724fa809bb7db49c5bf"
  dependencies:
    asap "~2.0.3"

proxy-addr@~1.1.2:
  version "1.1.2"
  resolved "https://registry.yarnpkg.com/proxy-addr/-/proxy-addr-1.1.2.tgz#b4cc5f22610d9535824c123aef9d3cf73c40ba37"
  dependencies:
    forwarded "~0.1.0"
    ipaddr.js "1.1.1"

qs@6.2.0:
  version "6.2.0"
  resolved "https://registry.yarnpkg.com/qs/-/qs-6.2.0.tgz#3b7848c03c2dece69a9522b0fae8c4126d745f3b"

range-parser@~1.2.0:
  version "1.2.0"
  resolved "https://registry.yarnpkg.com/range-parser/-/range-parser-1.2.0.tgz#f49be6b487894ddc40dcc94a322f611092e00d5e"

raw-body@~2.1.7:
  version "2.1.7"
  resolved "https://registry.yarnpkg.com/raw-body/-/raw-body-2.1.7.tgz#adfeace2e4fb3098058014d08c072dcc59758774"
  dependencies:
    bytes "2.4.0"
    iconv-lite "0.4.13"
    unpipe "1.0.0"

re@~0.1.1-2:
  version "0.1.4"
  resolved "https://registry.yarnpkg.com/re/-/re-0.1.4.tgz#d821067ee10b52011491ba1ad9342150f9ce7031"

readable-id@0.0.3:
  version "0.0.3"
  resolved "https://registry.yarnpkg.com/readable-id/-/readable-id-0.0.3.tgz#37383586f234f319bf1131e4f53a5100e5c7b0cf"
  dependencies:
    shortid "^2.1.3"

readable-stream@^2.0.2, readable-stream@2.1.5, readable-stream@latest:
  version "2.1.5"
  resolved "https://registry.yarnpkg.com/readable-stream/-/readable-stream-2.1.5.tgz#66fa8b720e1438b364681f2ad1a63c618448c9d0"
  dependencies:
    buffer-shims "^1.0.0"
    core-util-is "~1.0.0"
    inherits "~2.0.1"
    isarray "~1.0.0"
    process-nextick-args "~1.0.6"
    string_decoder "~0.10.x"
    util-deprecate "~1.0.1"

readable-stream@~1.1.9, "readable-stream@1.x >=1.1.9":
  version "1.1.14"
  resolved "https://registry.yarnpkg.com/readable-stream/-/readable-stream-1.1.14.tgz#7cf4c54ef648e3813084c636dd2079e166c081d9"
  dependencies:
    core-util-is "~1.0.0"
    inherits "~2.0.1"
    isarray "0.0.1"
    string_decoder "~0.10.x"

recant@~0.2.2:
  version "0.2.2"
  resolved "https://registry.yarnpkg.com/recant/-/recant-0.2.2.tgz#a1bab3eb17f3e7e45d1f86bc4835c6bbdd3f3e80"
  dependencies:
    when "~2.6.0"

regexp-clone@0.0.1:
  version "0.0.1"
  resolved "https://registry.yarnpkg.com/regexp-clone/-/regexp-clone-0.0.1.tgz#a7c2e09891fdbf38fbb10d376fb73003e68ac589"

repeating@^1.1.0:
  version "1.1.3"
  resolved "https://registry.yarnpkg.com/repeating/-/repeating-1.1.3.tgz#3d4114218877537494f97f77f9785fab810fa4ac"
  dependencies:
    is-finite "^1.0.0"

require_optional@~1.0.0:
  version "1.0.0"
  resolved "https://registry.yarnpkg.com/require_optional/-/require_optional-1.0.0.tgz#52a86137a849728eb60a55533617f8f914f59abf"
  dependencies:
    resolve-from "^2.0.0"
    semver "^5.1.0"

resolve-from@^2.0.0:
  version "2.0.0"
  resolved "https://registry.yarnpkg.com/resolve-from/-/resolve-from-2.0.0.tgz#9480ab20e94ffa1d9e80a804c7ea147611966b57"

secure-keys@^1.0.0:
  version "1.0.0"
  resolved "https://registry.yarnpkg.com/secure-keys/-/secure-keys-1.0.0.tgz#f0c82d98a3b139a8776a8808050b824431087fca"

semver@^5.1.0:
  version "5.3.0"
  resolved "https://registry.yarnpkg.com/semver/-/semver-5.3.0.tgz#9b2ce5d3de02d17c6012ad326aa6b4d0cf54f94f"

send@0.14.1:
  version "0.14.1"
  resolved "https://registry.yarnpkg.com/send/-/send-0.14.1.tgz#a954984325392f51532a7760760e459598c89f7a"
  dependencies:
    debug "~2.2.0"
    depd "~1.1.0"
    destroy "~1.0.4"
    encodeurl "~1.0.1"
    escape-html "~1.0.3"
    etag "~1.7.0"
    fresh "0.3.0"
    http-errors "~1.5.0"
    mime "1.3.4"
    ms "0.7.1"
    on-finished "~2.3.0"
    range-parser "~1.2.0"
    statuses "~1.3.0"

serve-static@~1.11.1:
  version "1.11.1"
  resolved "https://registry.yarnpkg.com/serve-static/-/serve-static-1.11.1.tgz#d6cce7693505f733c759de57befc1af76c0f0805"
  dependencies:
    encodeurl "~1.0.1"
    escape-html "~1.0.3"
    parseurl "~1.3.1"
    send "0.14.1"

servicebus@^2.0.2:
  version "2.0.5"
  resolved "https://registry.yarnpkg.com/servicebus/-/servicebus-2.0.5.tgz#90ad2280a1774ab84a45254f691c7904fa9ba18f"
  dependencies:
    amqplib "^0.4.0"
    debug "^2.2.0"
    extend "^3.0.0"
    node-uuid "^1.4.3"
    readable-id "0.0.3"

setprototypeof@1.0.1:
  version "1.0.1"
  resolved "https://registry.yarnpkg.com/setprototypeof/-/setprototypeof-1.0.1.tgz#52009b27888c4dc48f591949c0a8275834c1ca7e"

shimmer@^1.1.0:
  version "1.1.0"
  resolved "https://registry.yarnpkg.com/shimmer/-/shimmer-1.1.0.tgz#97d7377137ffbbab425522e429fe0aa89a488b35"

shimmer@1.0.0:
  version "1.0.0"
  resolved "https://registry.yarnpkg.com/shimmer/-/shimmer-1.0.0.tgz#49c2d71c678360b802be18b278382d1cbb805c39"

shortid@^2.1.3, shortid@^2.2.6:
  version "2.2.6"
  resolved "https://registry.yarnpkg.com/shortid/-/shortid-2.2.6.tgz#3abbefc6c51074cf2c1f1e72f6216a1b45876d72"

sliced@0.0.5:
  version "0.0.5"
  resolved "https://registry.yarnpkg.com/sliced/-/sliced-0.0.5.tgz#5edc044ca4eb6f7816d50ba2fc63e25d8fe4707f"

sliced@1.0.1:
  version "1.0.1"
  resolved "https://registry.yarnpkg.com/sliced/-/sliced-1.0.1.tgz#0b3a662b5d04c3177b1926bea82b03f837a2ef41"

slugg@^1.0.0:
  version "1.0.0"
  resolved "https://registry.yarnpkg.com/slugg/-/slugg-1.0.0.tgz#d7dfc3bed51722b62272d9d908647913118893d8"

stack-trace@0.0.x:
  version "0.0.9"
  resolved "https://registry.yarnpkg.com/stack-trace/-/stack-trace-0.0.9.tgz#a8f6eaeca90674c333e7c43953f275b451510695"

"statuses@>= 1.3.0 < 2", statuses@~1.3.0:
  version "1.3.0"
  resolved "https://registry.yarnpkg.com/statuses/-/statuses-1.3.0.tgz#8e55758cb20e7682c1f4fce8dcab30bf01d1e07a"

stream-transform@^0.1.1:
  version "0.1.1"
  resolved "https://registry.yarnpkg.com/stream-transform/-/stream-transform-0.1.1.tgz#0a54a2b81eea88da55a50df2441cb63edc101c71"

stream-worker@0.x.x:
  version "0.0.1"
  resolved "https://registry.yarnpkg.com/stream-worker/-/stream-worker-0.0.1.tgz#004dc8d8994bca41b0b0a6131784caa6db243f01"

string_decoder@~0.10.x:
  version "0.10.31"
  resolved "https://registry.yarnpkg.com/string_decoder/-/string_decoder-0.10.31.tgz#62e203bc41766c6c28c9fc84301dab1c5310fa94"

string-width@^1.0.1:
  version "1.0.2"
  resolved "https://registry.yarnpkg.com/string-width/-/string-width-1.0.2.tgz#118bdf5b8cdc51a2a7e70d211e07e2b0b9b107d3"
  dependencies:
    code-point-at "^1.0.0"
    is-fullwidth-code-point "^1.0.0"
    strip-ansi "^3.0.0"

strip-ansi@^3.0.0, strip-ansi@^3.0.1:
  version "3.0.1"
  resolved "https://registry.yarnpkg.com/strip-ansi/-/strip-ansi-3.0.1.tgz#6a385fb8853d952d5ff05d0e8aaf94278dc63dcf"
  dependencies:
    ansi-regex "^2.0.0"

strip-ansi@~0.1.0:
  version "0.1.1"
  resolved "https://registry.yarnpkg.com/strip-ansi/-/strip-ansi-0.1.1.tgz#39e8a98d044d150660abe4a6808acf70bb7bc991"

supports-color@^2.0.0:
  version "2.0.0"
  resolved "https://registry.yarnpkg.com/supports-color/-/supports-color-2.0.0.tgz#535d045ce6b6363fa40117084629995e9df324c7"

thunky@^0.1.0:
  version "0.1.0"
  resolved "https://registry.yarnpkg.com/thunky/-/thunky-0.1.0.tgz#bf30146824e2b6e67b0f2d7a4ac8beb26908684e"

to-mongodb-core@^2.0.0:
  version "2.0.0"
  resolved "https://registry.yarnpkg.com/to-mongodb-core/-/to-mongodb-core-2.0.0.tgz#3596ec7613ac9ad3b98a89dcb9aefba569cd27eb"

topo@1.x.x:
  version "1.1.0"
  resolved "https://registry.yarnpkg.com/topo/-/topo-1.1.0.tgz#e9d751615d1bb87dc865db182fa1ca0a5ef536d5"
  dependencies:
    hoek "2.x.x"

topo@2.x.x:
  version "2.0.2"
  resolved "https://registry.yarnpkg.com/topo/-/topo-2.0.2.tgz#cd5615752539057c0dc0491a621c3bc6fbe1d182"
  dependencies:
    hoek "4.x.x"

type-is@~1.6.13:
  version "1.6.13"
  resolved "https://registry.yarnpkg.com/type-is/-/type-is-1.6.13.tgz#6e83ba7bc30cd33a7bb0b7fb00737a2085bf9d08"
  dependencies:
    media-typer "0.3.0"
    mime-types "~2.1.11"

typedarray@~0.0.5:
  version "0.0.6"
  resolved "https://registry.yarnpkg.com/typedarray/-/typedarray-0.0.6.tgz#867ac74e3864187b1d3d47d996a78ec5c8830777"

underscore@~1.5.2:
  version "1.5.2"
  resolved "https://registry.yarnpkg.com/underscore/-/underscore-1.5.2.tgz#1335c5e4f5e6d33bbb4b006ba8c86a00f556de08"

unpipe@~1.0.0, unpipe@1.0.0:
  version "1.0.0"
  resolved "https://registry.yarnpkg.com/unpipe/-/unpipe-1.0.0.tgz#b2bf4ee8514aae6165b4817829d21b2ef49904ec"

util-deprecate@~1.0.1:
  version "1.0.2"
  resolved "https://registry.yarnpkg.com/util-deprecate/-/util-deprecate-1.0.2.tgz#450d4dc9fa70de732762fbd2d4a28981419a0ccf"

utils-merge@1.0.0:
  version "1.0.0"
  resolved "https://registry.yarnpkg.com/utils-merge/-/utils-merge-1.0.0.tgz#0294fb922bb9375153541c4f7096231f287c8af8"

vary@^1, vary@~1.1.0:
  version "1.1.0"
  resolved "https://registry.yarnpkg.com/vary/-/vary-1.1.0.tgz#e1e5affbbd16ae768dd2674394b9ad3022653140"

when@~2.1:
  version "2.1.1"
  resolved "https://registry.yarnpkg.com/when/-/when-2.1.1.tgz#f3742c29a5703a809287cf599397849ddead11bd"

when@~2.5.1:
  version "2.5.1"
  resolved "https://registry.yarnpkg.com/when/-/when-2.5.1.tgz#1109685075dc09643109287e6363ae5d73ea7d53"

when@~2.6.0:
  version "2.6.0"
  resolved "https://registry.yarnpkg.com/when/-/when-2.6.0.tgz#3985e240acac1b4cf32925c43d400e5b5e11954f"

when@~3.6.2:
  version "3.6.4"
  resolved "https://registry.yarnpkg.com/when/-/when-3.6.4.tgz#473b517ec159e2b85005497a13983f095412e34e"

window-size@^0.1.4:
  version "0.1.4"
  resolved "https://registry.yarnpkg.com/window-size/-/window-size-0.1.4.tgz#f8e1aa1ee5a53ec5bf151ffa09742a6ad7697876"

winston-logstash@^0.2.11:
  version "0.2.11"
  resolved "https://registry.yarnpkg.com/winston-logstash/-/winston-logstash-0.2.11.tgz#897a4c2668dc5c89586c8daed6b5573a7c7a048c"

winston@^2.2.0:
  version "2.2.0"
  resolved "https://registry.yarnpkg.com/winston/-/winston-2.2.0.tgz#2c853dd87ab552a8e8485d72cbbf9a2286f029b7"
  dependencies:
    async "~1.0.0"
    colors "1.0.x"
    cycle "1.0.x"
    eyes "0.1.x"
    isstream "0.1.x"
    pkginfo "0.3.x"
    stack-trace "0.0.x"

wrap-ansi@^2.0.0:
  version "2.0.0"
  resolved "https://registry.yarnpkg.com/wrap-ansi/-/wrap-ansi-2.0.0.tgz#7d30f8f873f9a5bbc3a64dabc8d177e071ae426f"
  dependencies:
    string-width "^1.0.1"

wrappy@1:
  version "1.0.2"
  resolved "https://registry.yarnpkg.com/wrappy/-/wrappy-1.0.2.tgz#b5243d8f3ec1aa35f1364605bc0d1036e30ab69f"

wreck@^7.2.1:
  version "7.2.1"
  resolved "https://registry.yarnpkg.com/wreck/-/wreck-7.2.1.tgz#eecd11d0d91ea334d66bb3ec52315405da689158"
  dependencies:
    boom "3.x.x"
    hoek "4.x.x"

wreck@^8.0.0:
  version "8.0.1"
  resolved "https://registry.yarnpkg.com/wreck/-/wreck-8.0.1.tgz#07e05c4f9faefd739e448f7523f4a21ffc0e0837"
  dependencies:
    boom "3.x.x"
    hoek "4.x.x"

xtend@^4.0.0, xtend@^4.0.1:
  version "4.0.1"
  resolved "https://registry.yarnpkg.com/xtend/-/xtend-4.0.1.tgz#a5c6d532be656e23db820efb943a1f04998d63af"

y18n@^3.2.0:
  version "3.2.1"
  resolved "https://registry.yarnpkg.com/y18n/-/y18n-3.2.1.tgz#6d15fba884c08679c0d77e88e7759e811e07fa41"

yargs@^3.19.0:
  version "3.32.0"
  resolved "https://registry.yarnpkg.com/yargs/-/yargs-3.32.0.tgz#03088e9ebf9e756b69751611d2a5ef591482c995"
  dependencies:
    camelcase "^2.0.1"
    cliui "^3.0.3"
    decamelize "^1.1.1"
    os-locale "^1.4.0"
    string-width "^1.0.1"
    window-size "^0.1.4"
    y18n "^3.2.0"

